# This file is autogenerated, do not edit; changes may be undone by the next 'dep ensure'.


[[projects]]
  branch = "master"
  digest = "1:df3d02520d38bc612e32310ac83dea1cdbdc9e58228ffefdea383e95171d339a"
  name = "github.com/foobaz/go-zopfli"
  packages = [
    ".",
    "zopfli",
  ]
  pruneopts = "UT"
  revision = "7432051485e2617ac160eba6129ab7efedecd427"

[[projects]]
  digest = "1:abeb38ade3f32a92943e5be54f55ed6d6e3b6602761d74b4aab4c9dd45c18abd"
  name = "github.com/fsnotify/fsnotify"
  packages = ["."]
  pruneopts = "UT"
  revision = "c2828203cd70a50dcccfb2761f8b1f8ceef9a8e9"
  version = "v1.4.7"

[[projects]]
  branch = "master"
  digest = "1:ce1e45e6cc6098f07989f7c8b6020d18ef1e28335ca4716a9497d6a5d8684f77"
  name = "github.com/golang/protobuf"
  packages = [
    "proto",
    "protoc-gen-go",
    "protoc-gen-go/descriptor",
    "protoc-gen-go/generator",
    "protoc-gen-go/generator/internal/remap",
    "protoc-gen-go/grpc",
    "protoc-gen-go/plugin",
    "ptypes",
    "ptypes/any",
    "ptypes/duration",
    "ptypes/timestamp",
  ]
  pruneopts = "UT"
  revision = "1d3f30b51784bec5aad268e59fd3c2fc1c2fe73f"

[[projects]]
  branch = "master"
  digest = "1:f987c71c41f6e6966554df0194ac7b11a09333844233daefab06e7346ba87e6f"
  name = "github.com/gopherjs/gopherjs"
  packages = [
    ".",
    "build",
    "compiler",
    "compiler/analysis",
    "compiler/astutil",
    "compiler/filter",
    "compiler/gopherjspkg",
    "compiler/natives",
    "compiler/prelude",
    "compiler/typesutil",
    "internal/sysutil",
    "js",
  ]
  pruneopts = "UT"
  revision = "d547d1d9531ed93dbdebcbff7f83e7c876a1e0ee"

[[projects]]
  digest = "1:870d441fe217b8e689d7949fef6e43efbc787e50f200cb1e70dbca9204a1d6be"
  name = "github.com/inconshreveable/mousetrap"
  packages = ["."]
  pruneopts = "UT"
  revision = "76626ae9c91c4f2a10f34cad8ce83ea42c93bb75"
  version = "v1.0"

[[projects]]
  digest = "1:1b6771807e10e4da030f8828b9055a279ae2f8999e6d2c42b0ee35c8e5588f7f"
  name = "github.com/johanbrandhorst/protobuf"
  packages = [
    "grpcweb",
    "grpcweb/grpcwebjs",
    "grpcweb/status",
    "jspb",
    "proto",
    "protoc-gen-gopherjs",
    "protoc-gen-gopherjs/generator",
    "protoc-gen-gopherjs/grpc",
  ]
  pruneopts = "UT"
  revision = "03cf8d1fcba5d373ba975bae76317adacb264184"
  version = "v0.6.1"

[[projects]]
  digest = "1:15ec2166e33ef6c60b344a04d050eec79193517e7f5082b6233b2d09ef0d10b8"
  name = "github.com/kisielk/gotool"
  packages = [
    ".",
    "internal/load",
  ]
  pruneopts = "UT"
  revision = "80517062f582ea3340cd4baf70e86d539ae7d84d"
  version = "v1.0.0"

[[projects]]
  digest = "1:0a69a1c0db3591fcefb47f115b224592c8dfa4368b7ba9fae509d5e16cdc95c8"
  name = "github.com/konsorten/go-windows-terminal-sequences"
  packages = ["."]
  pruneopts = "UT"
  revision = "5c8c8bd35d3832f5d134ae1e1e375b69a4d25242"
  version = "v1.0.1"

[[projects]]
  branch = "master"
  digest = "1:29c4cf076d5389b62cbec36c471f967ef0d1a0d1bbe0d7b35ccfbcddb9b67965"
  name = "github.com/neelance/astrewrite"
  packages = ["."]
  pruneopts = "UT"
  revision = "99348263ae862cc230986ce88deaddbf7edcc034"

[[projects]]
  branch = "master"
  digest = "1:6189e41c1f8ef7e827a98b387f2d548a81ae1961a1042b76f9bf746e40f8ac92"
  name = "github.com/neelance/sourcemap"
  packages = ["."]
  pruneopts = "UT"
  revision = "8c68805598ab8d5637b1a72b5f7d381ea0f39c31"

[[projects]]
  digest = "1:96df5bdca983e4b8c62682af5b67100b187d582ac6db0968d8af52e84138d1e6"
  name = "github.com/onrik/logrus"
  packages = ["filename"]
  pruneopts = "UT"
  revision = "a09d5cdcdc628f91fda03e7dcaf2b9a624aae49c"
  version = "0.2.2"

[[projects]]
  digest = "1:7413525ee648f20b4181be7fe8103d0cb98be9e141926a03ee082dc207061e4e"
  name = "github.com/phayes/freeport"
  packages = ["."]
  pruneopts = "UT"
  revision = "b8543db493a5ed890c5499e935e2cad7504f3a04"
  version = "1.0.2"

[[projects]]
  digest = "1:cf31692c14422fa27c83a05292eb5cbe0fb2775972e8f1f8446a71549bd8980b"
  name = "github.com/pkg/errors"
  packages = ["."]
  pruneopts = "UT"
  revision = "ba968bfe8b2f7e042a574c888954fccecfa385b4"
  version = "v0.8.1"

[[projects]]
  branch = "master"
  digest = "1:1e8a61d7b130a14881417800c56cd669a063890f7b0191937099d8ca990b29fa"
  name = "github.com/shurcooL/httpfs"
  packages = [
    "filter",
    "vfsutil",
  ]
  pruneopts = "UT"
  revision = "74dc9339e414ad069a8d04bba7e7aafd08043a25"

[[projects]]
  digest = "1:87c2e02fb01c27060ccc5ba7c5a407cc91147726f8f40b70cceeedbc52b1f3a8"
  name = "github.com/sirupsen/logrus"
  packages = ["."]
  pruneopts = "UT"
  revision = "e1e72e9de974bd926e5c56f83753fba2df402ce5"
  version = "v1.3.0"

[[projects]]
  digest = "1:645cabccbb4fa8aab25a956cbcbdf6a6845ca736b2c64e197ca7cbb9d210b939"
  name = "github.com/spf13/cobra"
  packages = ["."]
  pruneopts = "UT"
  revision = "ef82de70bb3f60c65fb8eebacbb2d122ef517385"
  version = "v0.0.3"

[[projects]]
  digest = "1:c1b1102241e7f645bc8e0c22ae352e8f0dc6484b6cb4d132fa9f24174e0119e2"
  name = "github.com/spf13/pflag"
  packages = ["."]
  pruneopts = "UT"
  revision = "298182f68c66c05229eb03ac171abe6e309ee79a"
  version = "v1.0.3"

[[projects]]
  branch = "master"
  digest = "1:38f553aff0273ad6f367cb0a0f8b6eecbaef8dc6cb8b50e57b6a81c1d5b1e332"
  name = "golang.org/x/crypto"
  packages = ["ssh/terminal"]
  pruneopts = "UT"
  revision = "ff983b9c42bc9fbf91556e191cc8efb585c16908"

[[projects]]
  branch = "master"
  digest = "1:89a0cb976397aa9157a45bb2b896d0bcd07ee095ac975e0f03c53250c402265e"
  name = "golang.org/x/net"
  packages = [
    "context",
    "http/httpguts",
    "http2",
    "http2/hpack",
    "idna",
    "internal/timeseries",
    "trace",
  ]
  pruneopts = "UT"
  revision = "1a61f4433d8505ec66450dd581f6abb8e83cb4d9"

[[projects]]
  branch = "master"
  digest = "1:c4f2af053602f247b8625846cd88dfbf9295e3d02e82c58c27ebe3be06bef80c"
  name = "golang.org/x/sys"
  packages = [
    "unix",
    "windows",
  ]
  pruneopts = "UT"
  revision = "cb59ee3660675d463e86971646692ea3e470021c"

[[projects]]
  digest = "1:a2ab62866c75542dd18d2b069fec854577a20211d7c0ea6ae746072a1dccdd18"
  name = "golang.org/x/text"
  packages = [
    "collate",
    "collate/build",
    "internal/colltab",
    "internal/gen",
    "internal/tag",
    "internal/triegen",
    "internal/ucd",
    "language",
    "secure/bidirule",
    "transform",
    "unicode/bidi",
    "unicode/cldr",
    "unicode/norm",
    "unicode/rangetable",
  ]
  pruneopts = "UT"
  revision = "f21a4dfb5e38f5895301dc265a8def02365cc3d0"
  version = "v0.3.0"

[[projects]]
  branch = "master"
  digest = "1:bfdaba2af3b1a919ae4a85e39a911e3210fb430d5d0a515275d4f4521e3b8509"
  name = "golang.org/x/tools"
  packages = [
    "go/ast/astutil",
    "go/buildutil",
    "go/gcexportdata",
    "go/internal/gcimporter",
    "go/types/typeutil",
  ]
  pruneopts = "UT"
  revision = "e063def13b29c433b3c57fc99257c18c1f9399ce"

[[projects]]
  branch = "master"
  digest = "1:077c1c599507b3b3e9156d17d36e1e61928ee9b53a5b420f10f28ebd4a0b275c"
  name = "google.golang.org/genproto"
  packages = ["googleapis/rpc/status"]
  pruneopts = "UT"
  revision = "bd9b4fb69e2ffd37621a6caa54dcbead29b546f2"

[[projects]]
  digest = "1:8c8ed249fa6a8db070bf2082f02052c697695fa5e1558b4e28dd0fb5f15f70a2"
  name = "google.golang.org/grpc"
  packages = [
    ".",
    "balancer",
    "balancer/base",
    "balancer/roundrobin",
    "binarylog/grpc_binarylog_v1",
    "codes",
    "connectivity",
    "credentials",
    "credentials/internal",
    "encoding",
    "encoding/proto",
    "grpclog",
    "internal",
    "internal/backoff",
    "internal/binarylog",
    "internal/channelz",
    "internal/envconfig",
    "internal/grpcrand",
    "internal/grpcsync",
    "internal/syscall",
    "internal/transport",
    "keepalive",
    "metadata",
    "naming",
    "peer",
    "reflection",
    "reflection/grpc_reflection_v1alpha",
    "resolver",
    "resolver/dns",
    "resolver/passthrough",
    "stats",
    "status",
    "tap",
  ]
  pruneopts = "UT"
  revision = "df014850f6dee74ba2fc94874043a9f3f75fbfd8"
  version = "v1.17.0"

[[projects]]
  branch = "master"
  digest = "1:3c0d2bb30c3aaac3363dfc6f2d4e69ed980904e7bb3dffe19fcb11d6b987ebda"
  name = "honnef.co/go/js/dom"
  packages = ["."]
  pruneopts = "UT"
  revision = "9dbdcd412bded130f0ffe92f67290626072b1e03"

[solve-meta]
  analyzer-name = "dep"
  analyzer-version = 1
  input-imports = [
    "github.com/foobaz/go-zopfli",
    "github.com/golang/protobuf/proto",
    "github.com/golang/protobuf/protoc-gen-go",
    "github.com/gopherjs/gopherjs",
    "github.com/johanbrandhorst/protobuf/grpcweb",
    "github.com/johanbrandhorst/protobuf/jspb",
    "github.com/johanbrandhorst/protobuf/proto",
    "github.com/johanbrandhorst/protobuf/protoc-gen-gopherjs",
    "github.com/onrik/logrus/filename",
    "github.com/phayes/freeport",
    "github.com/pkg/errors",
    "github.com/sirupsen/logrus",
    "google.golang.org/grpc",
    "google.golang.org/grpc/reflection",
    "honnef.co/go/js/dom",
  ]
  solver-name = "gps-cdcl"
  solver-version = 1
